
Microsoft Visual Studio Solution File, Format Version 12.00
# Visual Studio Version 16
VisualStudioVersion = 16.0.30503.244
MinimumVisualStudioVersion = 10.0.40219.1
Project("{9A19103F-16F7-4668-BE54-9A1E7A4F7556}") = "BookStore", "BookStore\BookStore.csproj", "{337E4DDD-0FE1-4DBF-B35D-581328C0E386}"
EndProject
Project("{9A19103F-16F7-4668-BE54-9A1E7A4F7556}") = "BookStoreRL", "BookStoreRL\BookStoreRL.csproj", "{5D523EFC-E1DD-4B82-8678-F2C9FA8BA396}"
EndProject
Project("{FAE04EC0-301F-11D3-BF4B-00C04F79EFBC}") = "BookStoreCL", "BookStoreCL\BookStoreCL.csproj", "{62BCE276-EA98-439C-8D82-BFAC5CCBEAC1}"
EndProject
Project("{FAE04EC0-301F-11D3-BF4B-00C04F79EFBC}") = "BookStoreBL", "BookStoreBL\BookStoreBL.csproj", "{D409ED9A-7FD0-48B0-B8F2-450ACE88291F}"
EndProject
Global
	GlobalSection(SolutionConfigurationPlatforms) = preSolution
		Debug|Any CPU = Debug|Any CPU
		Release|Any CPU = Release|Any CPU
	EndGlobalSection
	GlobalSection(ProjectConfigurationPlatforms) = postSolution
		{337E4DDD-0FE1-4DBF-B35D-581328C0E386}.Debug|Any CPU.ActiveCfg = Debug|Any CPU
		{337E4DDD-0FE1-4DBF-B35D-581328C0E386}.Debug|Any CPU.Build.0 = Debug|Any CPU
		{337E4DDD-0FE1-4DBF-B35D-581328C0E386}.Release|Any CPU.ActiveCfg = Release|Any CPU
		{337E4DDD-0FE1-4DBF-B35D-581328C0E386}.Release|Any CPU.Build.0 = Release|Any CPU
		{5D523EFC-E1DD-4B82-8678-F2C9FA8BA396}.Debug|Any CPU.ActiveCfg = Debug|Any CPU
		{5D523EFC-E1DD-4B82-8678-F2C9FA8BA396}.Debug|Any CPU.Build.0 = Debug|Any CPU
		{5D523EFC-E1DD-4B82-8678-F2C9FA8BA396}.Release|Any CPU.ActiveCfg = Release|Any CPU
		{5D523EFC-E1DD-4B82-8678-F2C9FA8BA396}.Release|Any CPU.Build.0 = Release|Any CPU
		{62BCE276-EA98-439C-8D82-BFAC5CCBEAC1}.Debug|Any CPU.ActiveCfg = Debug|Any CPU
		{62BCE276-EA98-439C-8D82-BFAC5CCBEAC1}.Debug|Any CPU.Build.0 = Debug|Any CPU
		{62BCE276-EA98-439C-8D82-BFAC5CCBEAC1}.Release|Any CPU.ActiveCfg = Release|Any CPU
		{62BCE276-EA98-439C-8D82-BFAC5CCBEAC1}.Release|Any CPU.Build.0 = Release|Any CPU
		{D409ED9A-7FD0-48B0-B8F2-450ACE88291F}.Debug|Any CPU.ActiveCfg = Debug|Any CPU
		{D409ED9A-7FD0-48B0-B8F2-450ACE88291F}.Debug|Any CPU.Build.0 = Debug|Any CPU
		{D409ED9A-7FD0-48B0-B8F2-450ACE88291F}.Release|Any CPU.ActiveCfg = Release|Any CPU
		{D409ED9A-7FD0-48B0-B8F2-450ACE88291F}.Release|Any CPU.Build.0 = Release|Any CPU
	EndGlobalSection
	GlobalSection(SolutionProperties) = preSolution
		HideSolutionNode = FALSE
	EndGlobalSection
	GlobalSection(ExtensibilityGlobals) = postSolution
		SolutionGuid = {7FED06F8-A2F5-416A-A080-8B73E9489FE8}
	EndGlobalSection
EndGlobal
